
Microsoft Visual Studio Solution File, Format Version 12.00
# Visual Studio Version 17
VisualStudioVersion = 17.6.33723.286
MinimumVisualStudioVersion = 10.0.40219.1
Project("{FAE04EC0-301F-11D3-BF4B-00C04F79EFBC}") = "cpuCourseInformationModule", "cpuCourseInformationModule\cpuCourseInformationModule.csproj", "{6B4697A6-2B0C-4BEC-B097-A78F4AECD489}"
EndProject
Global
	GlobalSection(SolutionConfigurationPlatforms) = preSolution
		Debug|Any CPU = Debug|Any CPU
		Release|Any CPU = Release|Any CPU
	EndGlobalSection
	GlobalSection(ProjectConfigurationPlatforms) = postSolution
		{6B4697A6-2B0C-4BEC-B097-A78F4AECD489}.Debug|Any CPU.ActiveCfg = Debug|Any CPU
		{6B4697A6-2B0C-4BEC-B097-A78F4AECD489}.Debug|Any CPU.Build.0 = Debug|Any CPU
		{6B4697A6-2B0C-4BEC-B097-A78F4AECD489}.Release|Any CPU.ActiveCfg = Release|Any CPU
		{6B4697A6-2B0C-4BEC-B097-A78F4AECD489}.Release|Any CPU.Build.0 = Release|Any CPU
	EndGlobalSection
	GlobalSection(SolutionProperties) = preSolution
		HideSolutionNode = FALSE
	EndGlobalSection
	GlobalSection(ExtensibilityGlobals) = postSolution
		SolutionGuid = {972C4F05-5964-43F2-89C6-18E0CA815433}
	EndGlobalSection
EndGlobal
